
Microsoft Visual Studio Solution File, Format Version 12.00
# Visual Studio Version 17
VisualStudioVersion = 17.5.002.0
MinimumVisualStudioVersion = 10.0.40219.1
Project("{9A19103F-16F7-4668-BE54-9A1E7A4F7556}") = "TREINO_1", "TREINO_1.csproj", "{949FF839-6C92-4DA8-8424-72646EEB0D32}"
EndProject
Global
	GlobalSection(SolutionConfigurationPlatforms) = preSolution
		Debug|Any CPU = Debug|Any CPU
		Release|Any CPU = Release|Any CPU
	EndGlobalSection
	GlobalSection(ProjectConfigurationPlatforms) = postSolution
		{949FF839-6C92-4DA8-8424-72646EEB0D32}.Debug|Any CPU.ActiveCfg = Debug|Any CPU
		{949FF839-6C92-4DA8-8424-72646EEB0D32}.Debug|Any CPU.Build.0 = Debug|Any CPU
		{949FF839-6C92-4DA8-8424-72646EEB0D32}.Release|Any CPU.ActiveCfg = Release|Any CPU
		{949FF839-6C92-4DA8-8424-72646EEB0D32}.Release|Any CPU.Build.0 = Release|Any CPU
	EndGlobalSection
	GlobalSection(SolutionProperties) = preSolution
		HideSolutionNode = FALSE
	EndGlobalSection
	GlobalSection(ExtensibilityGlobals) = postSolution
		SolutionGuid = {BCA9F15C-698C-47D9-A051-F5A922C54A80}
	EndGlobalSection
EndGlobal
